{
  "requires": true,
  "lockfileVersion": 1,
  "dependencies": {
    "bootstrap-icons": {
      "version": "1.4.1",
      "resolved": "https://registry.npmjs.org/bootstrap-icons/-/bootstrap-icons-1.4.1.tgz",
      "integrity": "sha512-EcATaAGsRgyy4NtnwXlNzkgWttpb6PqcXCoLtZZKdZtAYJU/WYqoQFxuGFKAppOlf7NmKpvGtSsC/921H7LIjg=="
    }
  }
}
